// !$*UTF8*$!
{
	archiveVersion = 1;
	classes = {
	};
	objectVersion = 56;
	objects = {

/* Begin PBXBuildFile section */
		4CAB57812A796F1C00EFA0CF /* TodoAppApp.swift in Sources */ = {isa = PBXBuildFile; fileRef = 4CAB57802A796F1C00EFA0CF /* TodoAppApp.swift */; };
		4CAB57852A796F1E00EFA0CF /* Assets.xcassets in Resources */ = {isa = PBXBuildFile; fileRef = 4CAB57842A796F1E00EFA0CF /* Assets.xcassets */; };
		4CAB57882A796F1E00EFA0CF /* Preview Assets.xcassets in Resources */ = {isa = PBXBuildFile; fileRef = 4CAB57872A796F1E00EFA0CF /* Preview Assets.xcassets */; };
		4CAB57922A796F1E00EFA0CF /* TodoAppTests.swift in Sources */ = {isa = PBXBuildFile; fileRef = 4CAB57912A796F1E00EFA0CF /* TodoAppTests.swift */; };
		4CAB579C2A796F1E00EFA0CF /* TodoAppUITests.swift in Sources */ = {isa = PBXBuildFile; fileRef = 4CAB579B2A796F1E00EFA0CF /* TodoAppUITests.swift */; };
		4CAB579E2A796F1E00EFA0CF /* TodoAppUITestsLaunchTests.swift in Sources */ = {isa = PBXBuildFile; fileRef = 4CAB579D2A796F1E00EFA0CF /* TodoAppUITestsLaunchTests.swift */; };
		4CAB57AD2A7970FA00EFA0CF /* TaskEditView.swift in Sources */ = {isa = PBXBuildFile; fileRef = 4CAB57AC2A7970FA00EFA0CF /* TaskEditView.swift */; };
		4CAB57B12A79714800EFA0CF /* TodoModel.xcdatamodeld in Sources */ = {isa = PBXBuildFile; fileRef = 4CAB57AF2A79714800EFA0CF /* TodoModel.xcdatamodeld */; };
		4CAB57B32A79764600EFA0CF /* TaskExtenstion.swift in Sources */ = {isa = PBXBuildFile; fileRef = 4CAB57B22A79764600EFA0CF /* TaskExtenstion.swift */; };
		4CAB57B52A797C9100EFA0CF /* PersistenceController.swift in Sources */ = {isa = PBXBuildFile; fileRef = 4CAB57B42A797C9100EFA0CF /* PersistenceController.swift */; };
		4CAB57B82A797F3900EFA0CF /* DataHolder.swift in Sources */ = {isa = PBXBuildFile; fileRef = 4CAB57B72A797F3900EFA0CF /* DataHolder.swift */; };
		4CAB57BB2A79830A00EFA0CF /* FlaotingButon.swift in Sources */ = {isa = PBXBuildFile; fileRef = 4CAB57BA2A79830A00EFA0CF /* FlaotingButon.swift */; };
		4CAB57BD2A79852700EFA0CF /* CheckBoxView.swift in Sources */ = {isa = PBXBuildFile; fileRef = 4CAB57BC2A79852700EFA0CF /* CheckBoxView.swift */; };
		4CAB57BF2A79872B00EFA0CF /* TaskCell.swift in Sources */ = {isa = PBXBuildFile; fileRef = 4CAB57BE2A79872B00EFA0CF /* TaskCell.swift */; };
		4CAB57C12A7987C400EFA0CF /* TaskListView.swift in Sources */ = {isa = PBXBuildFile; fileRef = 4CAB57C02A7987C400EFA0CF /* TaskListView.swift */; };
/* End PBXBuildFile section */

/* Begin PBXContainerItemProxy section */
		4CAB578E2A796F1E00EFA0CF /* PBXContainerItemProxy */ = {
			isa = PBXContainerItemProxy;
			containerPortal = 4CAB57752A796F1C00EFA0CF /* Project object */;
			proxyType = 1;
			remoteGlobalIDString = 4CAB577C2A796F1C00EFA0CF;
			remoteInfo = TodoApp;
		};
		4CAB57982A796F1E00EFA0CF /* PBXContainerItemProxy */ = {
			isa = PBXContainerItemProxy;
			containerPortal = 4CAB57752A796F1C00EFA0CF /* Project object */;
			proxyType = 1;
			remoteGlobalIDString = 4CAB577C2A796F1C00EFA0CF;
			remoteInfo = TodoApp;
		};
/* End PBXContainerItemProxy section */

/* Begin PBXFileReference section */
		4CAB577D2A796F1C00EFA0CF /* TodoApp.app */ = {isa = PBXFileReference; explicitFileType = wrapper.application; includeInIndex = 0; path = TodoApp.app; sourceTree = BUILT_PRODUCTS_DIR; };
		4CAB57802A796F1C00EFA0CF /* TodoAppApp.swift */ = {isa = PBXFileReference; lastKnownFileType = sourcecode.swift; path = TodoAppApp.swift; sourceTree = "<group>"; };
		4CAB57842A796F1E00EFA0CF /* Assets.xcassets */ = {isa = PBXFileReference; lastKnownFileType = folder.assetcatalog; path = Assets.xcassets; sourceTree = "<group>"; };
		4CAB57872A796F1E00EFA0CF /* Preview Assets.xcassets */ = {isa = PBXFileReference; lastKnownFileType = folder.assetcatalog; path = "Preview Assets.xcassets"; sourceTree = "<group>"; };
		4CAB578D2A796F1E00EFA0CF /* TodoAppTests.xctest */ = {isa = PBXFileReference; explicitFileType = wrapper.cfbundle; includeInIndex = 0; path = TodoAppTests.xctest; sourceTree = BUILT_PRODUCTS_DIR; };
		4CAB57912A796F1E00EFA0CF /* TodoAppTests.swift */ = {isa = PBXFileReference; lastKnownFileType = sourcecode.swift; path = TodoAppTests.swift; sourceTree = "<group>"; };
		4CAB57972A796F1E00EFA0CF /* TodoAppUITests.xctest */ = {isa = PBXFileReference; explicitFileType = wrapper.cfbundle; includeInIndex = 0; path = TodoAppUITests.xctest; sourceTree = BUILT_PRODUCTS_DIR; };
		4CAB579B2A796F1E00EFA0CF /* TodoAppUITests.swift */ = {isa = PBXFileReference; lastKnownFileType = sourcecode.swift; path = TodoAppUITests.swift; sourceTree = "<group>"; };
		4CAB579D2A796F1E00EFA0CF /* TodoAppUITestsLaunchTests.swift */ = {isa = PBXFileReference; lastKnownFileType = sourcecode.swift; path = TodoAppUITestsLaunchTests.swift; sourceTree = "<group>"; };
		4CAB57AC2A7970FA00EFA0CF /* TaskEditView.swift */ = {isa = PBXFileReference; lastKnownFileType = sourcecode.swift; path = TaskEditView.swift; sourceTree = "<group>"; };
		4CAB57B02A79714800EFA0CF /* TodoModel.xcdatamodel */ = {isa = PBXFileReference; lastKnownFileType = wrapper.xcdatamodel; path = TodoModel.xcdatamodel; sourceTree = "<group>"; };
		4CAB57B22A79764600EFA0CF /* TaskExtenstion.swift */ = {isa = PBXFileReference; lastKnownFileType = sourcecode.swift; path = TaskExtenstion.swift; sourceTree = "<group>"; };
		4CAB57B42A797C9100EFA0CF /* PersistenceController.swift */ = {isa = PBXFileReference; lastKnownFileType = sourcecode.swift; path = PersistenceController.swift; sourceTree = "<group>"; };
		4CAB57B72A797F3900EFA0CF /* DataHolder.swift */ = {isa = PBXFileReference; lastKnownFileType = sourcecode.swift; path = DataHolder.swift; sourceTree = "<group>"; };
		4CAB57BA2A79830A00EFA0CF /* FlaotingButon.swift */ = {isa = PBXFileReference; lastKnownFileType = sourcecode.swift; path = FlaotingButon.swift; sourceTree = "<group>"; };
		4CAB57BC2A79852700EFA0CF /* CheckBoxView.swift */ = {isa = PBXFileReference; lastKnownFileType = sourcecode.swift; path = CheckBoxView.swift; sourceTree = "<group>"; };
		4CAB57BE2A79872B00EFA0CF /* TaskCell.swift */ = {isa = PBXFileReference; lastKnownFileType = sourcecode.swift; path = TaskCell.swift; sourceTree = "<group>"; };
		4CAB57C02A7987C400EFA0CF /* TaskListView.swift */ = {isa = PBXFileReference; lastKnownFileType = sourcecode.swift; path = TaskListView.swift; sourceTree = "<group>"; };
/* End PBXFileReference section */

/* Begin PBXFrameworksBuildPhase section */
		4CAB577A2A796F1C00EFA0CF /* Frameworks */ = {
			isa = PBXFrameworksBuildPhase;
			buildActionMask = 2147483647;
			files = (
			);
			runOnlyForDeploymentPostprocessing = 0;
		};
		4CAB578A2A796F1E00EFA0CF /* Frameworks */ = {
			isa = PBXFrameworksBuildPhase;
			buildActionMask = 2147483647;
			files = (
			);
			runOnlyForDeploymentPostprocessing = 0;
		};
		4CAB57942A796F1E00EFA0CF /* Frameworks */ = {
			isa = PBXFrameworksBuildPhase;
			buildActionMask = 2147483647;
			files = (
			);
			runOnlyForDeploymentPostprocessing = 0;
		};
/* End PBXFrameworksBuildPhase section */

/* Begin PBXGroup section */
		4CAB57742A796F1C00EFA0CF = {
			isa = PBXGroup;
			children = (
				4CAB577F2A796F1C00EFA0CF /* TodoApp */,
				4CAB57902A796F1E00EFA0CF /* TodoAppTests */,
				4CAB579A2A796F1E00EFA0CF /* TodoAppUITests */,
				4CAB577E2A796F1C00EFA0CF /* Products */,
			);
			sourceTree = "<group>";
		};
		4CAB577E2A796F1C00EFA0CF /* Products */ = {
			isa = PBXGroup;
			children = (
				4CAB577D2A796F1C00EFA0CF /* TodoApp.app */,
				4CAB578D2A796F1E00EFA0CF /* TodoAppTests.xctest */,
				4CAB57972A796F1E00EFA0CF /* TodoAppUITests.xctest */,
			);
			name = Products;
			sourceTree = "<group>";
		};
		4CAB577F2A796F1C00EFA0CF /* TodoApp */ = {
			isa = PBXGroup;
			children = (
				4CAB57B62A797F2600EFA0CF /* Extension */,
				4CAB57AE2A79712400EFA0CF /* CoreData */,
				4CAB57AA2A7970C900EFA0CF /* Views */,
				4CAB57802A796F1C00EFA0CF /* TodoAppApp.swift */,
				4CAB57842A796F1E00EFA0CF /* Assets.xcassets */,
				4CAB57862A796F1E00EFA0CF /* Preview Content */,
			);
			path = TodoApp;
			sourceTree = "<group>";
		};
		4CAB57862A796F1E00EFA0CF /* Preview Content */ = {
			isa = PBXGroup;
			children = (
				4CAB57872A796F1E00EFA0CF /* Preview Assets.xcassets */,
			);
			path = "Preview Content";
			sourceTree = "<group>";
		};
		4CAB57902A796F1E00EFA0CF /* TodoAppTests */ = {
			isa = PBXGroup;
			children = (
				4CAB57912A796F1E00EFA0CF /* TodoAppTests.swift */,
			);
			path = TodoAppTests;
			sourceTree = "<group>";
		};
		4CAB579A2A796F1E00EFA0CF /* TodoAppUITests */ = {
			isa = PBXGroup;
			children = (
				4CAB579B2A796F1E00EFA0CF /* TodoAppUITests.swift */,
				4CAB579D2A796F1E00EFA0CF /* TodoAppUITestsLaunchTests.swift */,
			);
			path = TodoAppUITests;
			sourceTree = "<group>";
		};
		4CAB57AA2A7970C900EFA0CF /* Views */ = {
			isa = PBXGroup;
			children = (
				4CAB57B92A7982F500EFA0CF /* Components */,
				4CAB57AC2A7970FA00EFA0CF /* TaskEditView.swift */,
				4CAB57BE2A79872B00EFA0CF /* TaskCell.swift */,
				4CAB57C02A7987C400EFA0CF /* TaskListView.swift */,
			);
			path = Views;
			sourceTree = "<group>";
		};
		4CAB57AE2A79712400EFA0CF /* CoreData */ = {
			isa = PBXGroup;
			children = (
				4CAB57AF2A79714800EFA0CF /* TodoModel.xcdatamodeld */,
				4CAB57B42A797C9100EFA0CF /* PersistenceController.swift */,
				4CAB57B72A797F3900EFA0CF /* DataHolder.swift */,
			);
			path = CoreData;
			sourceTree = "<group>";
		};
		4CAB57B62A797F2600EFA0CF /* Extension */ = {
			isa = PBXGroup;
			children = (
				4CAB57B22A79764600EFA0CF /* TaskExtenstion.swift */,
			);
			path = Extension;
			sourceTree = "<group>";
		};
		4CAB57B92A7982F500EFA0CF /* Components */ = {
			isa = PBXGroup;
			children = (
				4CAB57BA2A79830A00EFA0CF /* FlaotingButon.swift */,
				4CAB57BC2A79852700EFA0CF /* CheckBoxView.swift */,
			);
			path = Components;
			sourceTree = "<group>";
		};
/* End PBXGroup section */

/* Begin PBXNativeTarget section */
		4CAB577C2A796F1C00EFA0CF /* TodoApp */ = {
			isa = PBXNativeTarget;
			buildConfigurationList = 4CAB57A12A796F1E00EFA0CF /* Build configuration list for PBXNativeTarget "TodoApp" */;
			buildPhases = (
				4CAB57792A796F1C00EFA0CF /* Sources */,
				4CAB577A2A796F1C00EFA0CF /* Frameworks */,
				4CAB577B2A796F1C00EFA0CF /* Resources */,
			);
			buildRules = (
			);
			dependencies = (
			);
			name = TodoApp;
			productName = TodoApp;
			productReference = 4CAB577D2A796F1C00EFA0CF /* TodoApp.app */;
			productType = "com.apple.product-type.application";
		};
		4CAB578C2A796F1E00EFA0CF /* TodoAppTests */ = {
			isa = PBXNativeTarget;
			buildConfigurationList = 4CAB57A42A796F1E00EFA0CF /* Build configuration list for PBXNativeTarget "TodoAppTests" */;
			buildPhases = (
				4CAB57892A796F1E00EFA0CF /* Sources */,
				4CAB578A2A796F1E00EFA0CF /* Frameworks */,
				4CAB578B2A796F1E00EFA0CF /* Resources */,
			);
			buildRules = (
			);
			dependencies = (
				4CAB578F2A796F1E00EFA0CF /* PBXTargetDependency */,
			);
			name = TodoAppTests;
			productName = TodoAppTests;
			productReference = 4CAB578D2A796F1E00EFA0CF /* TodoAppTests.xctest */;
			productType = "com.apple.product-type.bundle.unit-test";
		};
		4CAB57962A796F1E00EFA0CF /* TodoAppUITests */ = {
			isa = PBXNativeTarget;
			buildConfigurationList = 4CAB57A72A796F1E00EFA0CF /* Build configuration list for PBXNativeTarget "TodoAppUITests" */;
			buildPhases = (
				4CAB57932A796F1E00EFA0CF /* Sources */,
				4CAB57942A796F1E00EFA0CF /* Frameworks */,
				4CAB57952A796F1E00EFA0CF /* Resources */,
			);
			buildRules = (
			);
			dependencies = (
				4CAB57992A796F1E00EFA0CF /* PBXTargetDependency */,
			);
			name = TodoAppUITests;
			productName = TodoAppUITests;
			productReference = 4CAB57972A796F1E00EFA0CF /* TodoAppUITests.xctest */;
			productType = "com.apple.product-type.bundle.ui-testing";
		};
/* End PBXNativeTarget section */

/* Begin PBXProject section */
		4CAB57752A796F1C00EFA0CF /* Project object */ = {
			isa = PBXProject;
			attributes = {
				BuildIndependentTargetsInParallel = 1;
				LastSwiftUpdateCheck = 1430;
				LastUpgradeCheck = 1430;
				TargetAttributes = {
					4CAB577C2A796F1C00EFA0CF = {
						CreatedOnToolsVersion = 14.3.1;
					};
					4CAB578C2A796F1E00EFA0CF = {
						CreatedOnToolsVersion = 14.3.1;
						TestTargetID = 4CAB577C2A796F1C00EFA0CF;
					};
					4CAB57962A796F1E00EFA0CF = {
						CreatedOnToolsVersion = 14.3.1;
						TestTargetID = 4CAB577C2A796F1C00EFA0CF;
					};
				};
			};
			buildConfigurationList = 4CAB57782A796F1C00EFA0CF /* Build configuration list for PBXProject "TodoApp" */;
			compatibilityVersion = "Xcode 14.0";
			developmentRegion = en;
			hasScannedForEncodings = 0;
			knownRegions = (
				en,
				Base,
			);
			mainGroup = 4CAB57742A796F1C00EFA0CF;
			productRefGroup = 4CAB577E2A796F1C00EFA0CF /* Products */;
			projectDirPath = "";
			projectRoot = "";
			targets = (
				4CAB577C2A796F1C00EFA0CF /* TodoApp */,
				4CAB578C2A796F1E00EFA0CF /* TodoAppTests */,
				4CAB57962A796F1E00EFA0CF /* TodoAppUITests */,
			);
		};
/* End PBXProject section */

/* Begin PBXResourcesBuildPhase section */
		4CAB577B2A796F1C00EFA0CF /* Resources */ = {
			isa = PBXResourcesBuildPhase;
			buildActionMask = 2147483647;
			files = (
				4CAB57882A796F1E00EFA0CF /* Preview Assets.xcassets in Resources */,
				4CAB57852A796F1E00EFA0CF /* Assets.xcassets in Resources */,
			);
			runOnlyForDeploymentPostprocessing = 0;
		};
		4CAB578B2A796F1E00EFA0CF /* Resources */ = {
			isa = PBXResourcesBuildPhase;
			buildActionMask = 2147483647;
			files = (
			);
			runOnlyForDeploymentPostprocessing = 0;
		};
		4CAB57952A796F1E00EFA0CF /* Resources */ = {
			isa = PBXResourcesBuildPhase;
			buildActionMask = 2147483647;
			files = (
			);
			runOnlyForDeploymentPostprocessing = 0;
		};
/* End PBXResourcesBuildPhase section */

/* Begin PBXSourcesBuildPhase section */
		4CAB57792A796F1C00EFA0CF /* Sources */ = {
			isa = PBXSourcesBuildPhase;
			buildActionMask = 2147483647;
			files = (
				4CAB57B32A79764600EFA0CF /* TaskExtenstion.swift in Sources */,
				4CAB57AD2A7970FA00EFA0CF /* TaskEditView.swift in Sources */,
				4CAB57BB2A79830A00EFA0CF /* FlaotingButon.swift in Sources */,
				4CAB57C12A7987C400EFA0CF /* TaskListView.swift in Sources */,
				4CAB57B12A79714800EFA0CF /* TodoModel.xcdatamodeld in Sources */,
				4CAB57BF2A79872B00EFA0CF /* TaskCell.swift in Sources */,
				4CAB57BD2A79852700EFA0CF /* CheckBoxView.swift in Sources */,
				4CAB57B52A797C9100EFA0CF /* PersistenceController.swift in Sources */,
				4CAB57B82A797F3900EFA0CF /* DataHolder.swift in Sources */,
				4CAB57812A796F1C00EFA0CF /* TodoAppApp.swift in Sources */,
			);
			runOnlyForDeploymentPostprocessing = 0;
		};
		4CAB57892A796F1E00EFA0CF /* Sources */ = {
			isa = PBXSourcesBuildPhase;
			buildActionMask = 2147483647;
			files = (
				4CAB57922A796F1E00EFA0CF /* TodoAppTests.swift in Sources */,
			);
			runOnlyForDeploymentPostprocessing = 0;
		};
		4CAB57932A796F1E00EFA0CF /* Sources */ = {
			isa = PBXSourcesBuildPhase;
			buildActionMask = 2147483647;
			files = (
				4CAB579E2A796F1E00EFA0CF /* TodoAppUITestsLaunchTests.swift in Sources */,
				4CAB579C2A796F1E00EFA0CF /* TodoAppUITests.swift in Sources */,
			);
			runOnlyForDeploymentPostprocessing = 0;
		};
/* End PBXSourcesBuildPhase section */

/* Begin PBXTargetDependency section */
		4CAB578F2A796F1E00EFA0CF /* PBXTargetDependency */ = {
			isa = PBXTargetDependency;
			target = 4CAB577C2A796F1C00EFA0CF /* TodoApp */;
			targetProxy = 4CAB578E2A796F1E00EFA0CF /* PBXContainerItemProxy */;
		};
		4CAB57992A796F1E00EFA0CF /* PBXTargetDependency */ = {
			isa = PBXTargetDependency;
			target = 4CAB577C2A796F1C00EFA0CF /* TodoApp */;
			targetProxy = 4CAB57982A796F1E00EFA0CF /* PBXContainerItemProxy */;
		};
/* End PBXTargetDependency section */

/* Begin XCBuildConfiguration section */
		4CAB579F2A796F1E00EFA0CF /* Debug */ = {
			isa = XCBuildConfiguration;
			buildSettings = {
				ALWAYS_SEARCH_USER_PATHS = NO;
				CLANG_ANALYZER_NONNULL = YES;
				CLANG_ANALYZER_NUMBER_OBJECT_CONVERSION = YES_AGGRESSIVE;
				CLANG_CXX_LANGUAGE_STANDARD = "gnu++20";
				CLANG_ENABLE_MODULES = YES;
				CLANG_ENABLE_OBJC_ARC = YES;
				CLANG_ENABLE_OBJC_WEAK = YES;
				CLANG_WARN_BLOCK_CAPTURE_AUTORELEASING = YES;
				CLANG_WARN_BOOL_CONVERSION = YES;
				CLANG_WARN_COMMA = YES;
				CLANG_WARN_CONSTANT_CONVERSION = YES;
				CLANG_WARN_DEPRECATED_OBJC_IMPLEMENTATIONS = YES;
				CLANG_WARN_DIRECT_OBJC_ISA_USAGE = YES_ERROR;
				CLANG_WARN_DOCUMENTATION_COMMENTS = YES;
				CLANG_WARN_EMPTY_BODY = YES;
				CLANG_WARN_ENUM_CONVERSION = YES;
				CLANG_WARN_INFINITE_RECURSION = YES;
				CLANG_WARN_INT_CONVERSION = YES;
				CLANG_WARN_NON_LITERAL_NULL_CONVERSION = YES;
				CLANG_WARN_OBJC_IMPLICIT_RETAIN_SELF = YES;
				CLANG_WARN_OBJC_LITERAL_CONVERSION = YES;
				CLANG_WARN_OBJC_ROOT_CLASS = YES_ERROR;
				CLANG_WARN_QUOTED_INCLUDE_IN_FRAMEWORK_HEADER = YES;
				CLANG_WARN_RANGE_LOOP_ANALYSIS = YES;
				CLANG_WARN_STRICT_PROTOTYPES = YES;
				CLANG_WARN_SUSPICIOUS_MOVE = YES;
				CLANG_WARN_UNGUARDED_AVAILABILITY = YES_AGGRESSIVE;
				CLANG_WARN_UNREACHABLE_CODE = YES;
				CLANG_WARN__DUPLICATE_METHOD_MATCH = YES;
				COPY_PHASE_STRIP = NO;
				DEBUG_INFORMATION_FORMAT = dwarf;
				ENABLE_STRICT_OBJC_MSGSEND = YES;
				ENABLE_TESTABILITY = YES;
				GCC_C_LANGUAGE_STANDARD = gnu11;
				GCC_DYNAMIC_NO_PIC = NO;
				GCC_NO_COMMON_BLOCKS = YES;
				GCC_OPTIMIZATION_LEVEL = 0;
				GCC_PREPROCESSOR_DEFINITIONS = (
					"DEBUG=1",
					"$(inherited)",
				);
				GCC_WARN_64_TO_32_BIT_CONVERSION = YES;
				GCC_WARN_ABOUT_RETURN_TYPE = YES_ERROR;
				GCC_WARN_UNDECLARED_SELECTOR = YES;
				GCC_WARN_UNINITIALIZED_AUTOS = YES_AGGRESSIVE;
				GCC_WARN_UNUSED_FUNCTION = YES;
				GCC_WARN_UNUSED_VARIABLE = YES;
				IPHONEOS_DEPLOYMENT_TARGET = 16.4;
				MTL_ENABLE_DEBUG_INFO = INCLUDE_SOURCE;
				MTL_FAST_MATH = YES;
				ONLY_ACTIVE_ARCH = YES;
				SDKROOT = iphoneos;
				SWIFT_ACTIVE_COMPILATION_CONDITIONS = DEBUG;
				SWIFT_OPTIMIZATION_LEVEL = "-Onone";
			};
			name = Debug;
		};
		4CAB57A02A796F1E00EFA0CF /* Release */ = {
			isa = XCBuildConfiguration;
			buildSettings = {
				ALWAYS_SEARCH_USER_PATHS = NO;
				CLANG_ANALYZER_NONNULL = YES;
				CLANG_ANALYZER_NUMBER_OBJECT_CONVERSION = YES_AGGRESSIVE;
				CLANG_CXX_LANGUAGE_STANDARD = "gnu++20";
				CLANG_ENABLE_MODULES = YES;
				CLANG_ENABLE_OBJC_ARC = YES;
				CLANG_ENABLE_OBJC_WEAK = YES;
				CLANG_WARN_BLOCK_CAPTURE_AUTORELEASING = YES;
				CLANG_WARN_BOOL_CONVERSION = YES;
				CLANG_WARN_COMMA = YES;
				CLANG_WARN_CONSTANT_CONVERSION = YES;
				CLANG_WARN_DEPRECATED_OBJC_IMPLEMENTATIONS = YES;
				CLANG_WARN_DIRECT_OBJC_ISA_USAGE = YES_ERROR;
				CLANG_WARN_DOCUMENTATION_COMMENTS = YES;
				CLANG_WARN_EMPTY_BODY = YES;
				CLANG_WARN_ENUM_CONVERSION = YES;
				CLANG_WARN_INFINITE_RECURSION = YES;
				CLANG_WARN_INT_CONVERSION = YES;
				CLANG_WARN_NON_LITERAL_NULL_CONVERSION = YES;
				CLANG_WARN_OBJC_IMPLICIT_RETAIN_SELF = YES;
				CLANG_WARN_OBJC_LITERAL_CONVERSION = YES;
				CLANG_WARN_OBJC_ROOT_CLASS = YES_ERROR;
				CLANG_WARN_QUOTED_INCLUDE_IN_FRAMEWORK_HEADER = YES;
				CLANG_WARN_RANGE_LOOP_ANALYSIS = YES;
				CLANG_WARN_STRICT_PROTOTYPES = YES;
				CLANG_WARN_SUSPICIOUS_MOVE = YES;
				CLANG_WARN_UNGUARDED_AVAILABILITY = YES_AGGRESSIVE;
				CLANG_WARN_UNREACHABLE_CODE = YES;
				CLANG_WARN__DUPLICATE_METHOD_MATCH = YES;
				COPY_PHASE_STRIP = NO;
				DEBUG_INFORMATION_FORMAT = "dwarf-with-dsym";
				ENABLE_NS_ASSERTIONS = NO;
				ENABLE_STRICT_OBJC_MSGSEND = YES;
				GCC_C_LANGUAGE_STANDARD = gnu11;
				GCC_NO_COMMON_BLOCKS = YES;
				GCC_WARN_64_TO_32_BIT_CONVERSION = YES;
				GCC_WARN_ABOUT_RETURN_TYPE = YES_ERROR;
				GCC_WARN_UNDECLARED_SELECTOR = YES;
				GCC_WARN_UNINITIALIZED_AUTOS = YES_AGGRESSIVE;
				GCC_WARN_UNUSED_FUNCTION = YES;
				GCC_WARN_UNUSED_VARIABLE = YES;
				IPHONEOS_DEPLOYMENT_TARGET = 16.4;
				MTL_ENABLE_DEBUG_INFO = NO;
				MTL_FAST_MATH = YES;
				SDKROOT = iphoneos;
				SWIFT_COMPILATION_MODE = wholemodule;
				SWIFT_OPTIMIZATION_LEVEL = "-O";
				VALIDATE_PRODUCT = YES;
			};
			name = Release;
		};
		4CAB57A22A796F1E00EFA0CF /* Debug */ = {
			isa = XCBuildConfiguration;
			buildSettings = {
				ASSETCATALOG_COMPILER_APPICON_NAME = AppIcon;
				ASSETCATALOG_COMPILER_GLOBAL_ACCENT_COLOR_NAME = AccentColor;
				CODE_SIGN_STYLE = Automatic;
				CURRENT_PROJECT_VERSION = 1;
				DEVELOPMENT_ASSET_PATHS = "\"TodoApp/Preview Content\"";
				ENABLE_PREVIEWS = YES;
				GENERATE_INFOPLIST_FILE = YES;
				INFOPLIST_KEY_UIApplicationSceneManifest_Generation = YES;
				INFOPLIST_KEY_UIApplicationSupportsIndirectInputEvents = YES;
				INFOPLIST_KEY_UILaunchScreen_Generation = YES;
				INFOPLIST_KEY_UISupportedInterfaceOrientations_iPad = "UIInterfaceOrientationPortrait UIInterfaceOrientationPortraitUpsideDown UIInterfaceOrientationLandscapeLeft UIInterfaceOrientationLandscapeRight";
				INFOPLIST_KEY_UISupportedInterfaceOrientations_iPhone = "UIInterfaceOrientationPortrait UIInterfaceOrientationLandscapeLeft UIInterfaceOrientationLandscapeRight";
				LD_RUNPATH_SEARCH_PATHS = (
					"$(inherited)",
					"@executable_path/Frameworks",
				);
				MARKETING_VERSION = 1.0;
				PRODUCT_BUNDLE_IDENTIFIER = emami.TodoApp;
				PRODUCT_NAME = "$(TARGET_NAME)";
				SWIFT_EMIT_LOC_STRINGS = YES;
				SWIFT_VERSION = 5.0;
				TARGETED_DEVICE_FAMILY = "1,2";
			};
			name = Debug;
		};
		4CAB57A32A796F1E00EFA0CF /* Release */ = {
			isa = XCBuildConfiguration;
			buildSettings = {
				ASSETCATALOG_COMPILER_APPICON_NAME = AppIcon;
				ASSETCATALOG_COMPILER_GLOBAL_ACCENT_COLOR_NAME = AccentColor;
				CODE_SIGN_STYLE = Automatic;
				CURRENT_PROJECT_VERSION = 1;
				DEVELOPMENT_ASSET_PATHS = "\"TodoApp/Preview Content\"";
				ENABLE_PREVIEWS = YES;
				GENERATE_INFOPLIST_FILE = YES;
				INFOPLIST_KEY_UIApplicationSceneManifest_Generation = YES;
				INFOPLIST_KEY_UIApplicationSupportsIndirectInputEvents = YES;
				INFOPLIST_KEY_UILaunchScreen_Generation = YES;
				INFOPLIST_KEY_UISupportedInterfaceOrientations_iPad = "UIInterfaceOrientationPortrait UIInterfaceOrientationPortraitUpsideDown UIInterfaceOrientationLandscapeLeft UIInterfaceOrientationLandscapeRight";
				INFOPLIST_KEY_UISupportedInterfaceOrientations_iPhone = "UIInterfaceOrientationPortrait UIInterfaceOrientationLandscapeLeft UIInterfaceOrientationLandscapeRight";
				LD_RUNPATH_SEARCH_PATHS = (
					"$(inherited)",
					"@executable_path/Frameworks",
				);
				MARKETING_VERSION = 1.0;
				PRODUCT_BUNDLE_IDENTIFIER = emami.TodoApp;
				PRODUCT_NAME = "$(TARGET_NAME)";
				SWIFT_EMIT_LOC_STRINGS = YES;
				SWIFT_VERSION = 5.0;
				TARGETED_DEVICE_FAMILY = "1,2";
			};
			name = Release;
		};
		4CAB57A52A796F1E00EFA0CF /* Debug */ = {
			isa = XCBuildConfiguration;
			buildSettings = {
				ALWAYS_EMBED_SWIFT_STANDARD_LIBRARIES = YES;
				BUNDLE_LOADER = "$(TEST_HOST)";
				CODE_SIGN_STYLE = Automatic;
				CURRENT_PROJECT_VERSION = 1;
				GENERATE_INFOPLIST_FILE = YES;
				IPHONEOS_DEPLOYMENT_TARGET = 16.4;
				MARKETING_VERSION = 1.0;
				PRODUCT_BUNDLE_IDENTIFIER = emami.TodoAppTests;
				PRODUCT_NAME = "$(TARGET_NAME)";
				SWIFT_EMIT_LOC_STRINGS = NO;
				SWIFT_VERSION = 5.0;
				TARGETED_DEVICE_FAMILY = "1,2";
				TEST_HOST = "$(BUILT_PRODUCTS_DIR)/TodoApp.app/$(BUNDLE_EXECUTABLE_FOLDER_PATH)/TodoApp";
			};
			name = Debug;
		};
		4CAB57A62A796F1E00EFA0CF /* Release */ = {
			isa = XCBuildConfiguration;
			buildSettings = {
				ALWAYS_EMBED_SWIFT_STANDARD_LIBRARIES = YES;
				BUNDLE_LOADER = "$(TEST_HOST)";
				CODE_SIGN_STYLE = Automatic;
				CURRENT_PROJECT_VERSION = 1;
				GENERATE_INFOPLIST_FILE = YES;
				IPHONEOS_DEPLOYMENT_TARGET = 16.4;
				MARKETING_VERSION = 1.0;
				PRODUCT_BUNDLE_IDENTIFIER = emami.TodoAppTests;
				PRODUCT_NAME = "$(TARGET_NAME)";
				SWIFT_EMIT_LOC_STRINGS = NO;
				SWIFT_VERSION = 5.0;
				TARGETED_DEVICE_FAMILY = "1,2";
				TEST_HOST = "$(BUILT_PRODUCTS_DIR)/TodoApp.app/$(BUNDLE_EXECUTABLE_FOLDER_PATH)/TodoApp";
			};
			name = Release;
		};
		4CAB57A82A796F1E00EFA0CF /* Debug */ = {
			isa = XCBuildConfiguration;
			buildSettings = {
				ALWAYS_EMBED_SWIFT_STANDARD_LIBRARIES = YES;
				CODE_SIGN_STYLE = Automatic;
				CURRENT_PROJECT_VERSION = 1;
				GENERATE_INFOPLIST_FILE = YES;
				MARKETING_VERSION = 1.0;
				PRODUCT_BUNDLE_IDENTIFIER = emami.TodoAppUITests;
				PRODUCT_NAME = "$(TARGET_NAME)";
				SWIFT_EMIT_LOC_STRINGS = NO;
				SWIFT_VERSION = 5.0;
				TARGETED_DEVICE_FAMILY = "1,2";
				TEST_TARGET_NAME = TodoApp;
			};
			name = Debug;
		};
		4CAB57A92A796F1E00EFA0CF /* Release */ = {
			isa = XCBuildConfiguration;
			buildSettings = {
				ALWAYS_EMBED_SWIFT_STANDARD_LIBRARIES = YES;
				CODE_SIGN_STYLE = Automatic;
				CURRENT_PROJECT_VERSION = 1;
				GENERATE_INFOPLIST_FILE = YES;
				MARKETING_VERSION = 1.0;
				PRODUCT_BUNDLE_IDENTIFIER = emami.TodoAppUITests;
				PRODUCT_NAME = "$(TARGET_NAME)";
				SWIFT_EMIT_LOC_STRINGS = NO;
				SWIFT_VERSION = 5.0;
				TARGETED_DEVICE_FAMILY = "1,2";
				TEST_TARGET_NAME = TodoApp;
			};
			name = Release;
		};
/* End XCBuildConfiguration section */

/* Begin XCConfigurationList section */
		4CAB57782A796F1C00EFA0CF /* Build configuration list for PBXProject "TodoApp" */ = {
			isa = XCConfigurationList;
			buildConfigurations = (
				4CAB579F2A796F1E00EFA0CF /* Debug */,
				4CAB57A02A796F1E00EFA0CF /* Release */,
			);
			defaultConfigurationIsVisible = 0;
			defaultConfigurationName = Release;
		};
		4CAB57A12A796F1E00EFA0CF /* Build configuration list for PBXNativeTarget "TodoApp" */ = {
			isa = XCConfigurationList;
			buildConfigurations = (
				4CAB57A22A796F1E00EFA0CF /* Debug */,
				4CAB57A32A796F1E00EFA0CF /* Release */,
			);
			defaultConfigurationIsVisible = 0;
			defaultConfigurationName = Release;
		};
		4CAB57A42A796F1E00EFA0CF /* Build configuration list for PBXNativeTarget "TodoAppTests" */ = {
			isa = XCConfigurationList;
			buildConfigurations = (
				4CAB57A52A796F1E00EFA0CF /* Debug */,
				4CAB57A62A796F1E00EFA0CF /* Release */,
			);
			defaultConfigurationIsVisible = 0;
			defaultConfigurationName = Release;
		};
		4CAB57A72A796F1E00EFA0CF /* Build configuration list for PBXNativeTarget "TodoAppUITests" */ = {
			isa = XCConfigurationList;
			buildConfigurations = (
				4CAB57A82A796F1E00EFA0CF /* Debug */,
				4CAB57A92A796F1E00EFA0CF /* Release */,
			);
			defaultConfigurationIsVisible = 0;
			defaultConfigurationName = Release;
		};
/* End XCConfigurationList section */

/* Begin XCVersionGroup section */
		4CAB57AF2A79714800EFA0CF /* TodoModel.xcdatamodeld */ = {
			isa = XCVersionGroup;
			children = (
				4CAB57B02A79714800EFA0CF /* TodoModel.xcdatamodel */,
			);
			currentVersion = 4CAB57B02A79714800EFA0CF /* TodoModel.xcdatamodel */;
			path = TodoModel.xcdatamodeld;
			sourceTree = "<group>";
			versionGroupType = wrapper.xcdatamodel;
		};
/* End XCVersionGroup section */
	};
	rootObject = 4CAB57752A796F1C00EFA0CF /* Project object */;
}
